
Microsoft Visual Studio Solution File, Format Version 12.00
# Visual Studio Version 17
VisualStudioVersion = 17.3.32901.215
MinimumVisualStudioVersion = 10.0.40219.1
Project("{9A19103F-16F7-4668-BE54-9A1E7A4F7556}") = "RunningSum", "RunningSum\RunningSum.csproj", "{BE96A1EA-B521-492D-8558-35845579D5CE}"
EndProject
Project("{9A19103F-16F7-4668-BE54-9A1E7A4F7556}") = "PivotIndex", "PivotIndex\PivotIndex.csproj", "{EFE7EFE6-A95F-4FA9-B51E-5386FF7957D7}"
EndProject
Project("{9A19103F-16F7-4668-BE54-9A1E7A4F7556}") = "TwoSum", "TwoSum\TwoSum.csproj", "{017C1196-DB28-4E5F-9E3A-4F7131487AFD}"
EndProject
Project("{9A19103F-16F7-4668-BE54-9A1E7A4F7556}") = "IsomorphicStrings", "IsomorphicStrings\IsomorphicStrings.csproj", "{2904D149-91A1-42E7-BC66-F0EEE58B5B4A}"
EndProject
Project("{9A19103F-16F7-4668-BE54-9A1E7A4F7556}") = "IsPalindrome", "IsPalindrome\IsPalindrome.csproj", "{71CC016E-FE34-48A9-92F9-8780FEF31205}"
EndProject
Project("{FAE04EC0-301F-11D3-BF4B-00C04F79EFBC}") = "RomanInteger", "RomanInteger\RomanInteger.csproj", "{AF0E376B-AD55-45DD-B14C-901E38CAAAC6}"
EndProject
Global
	GlobalSection(SolutionConfigurationPlatforms) = preSolution
		Debug|Any CPU = Debug|Any CPU
		Release|Any CPU = Release|Any CPU
	EndGlobalSection
	GlobalSection(ProjectConfigurationPlatforms) = postSolution
		{BE96A1EA-B521-492D-8558-35845579D5CE}.Debug|Any CPU.ActiveCfg = Debug|Any CPU
		{BE96A1EA-B521-492D-8558-35845579D5CE}.Debug|Any CPU.Build.0 = Debug|Any CPU
		{BE96A1EA-B521-492D-8558-35845579D5CE}.Release|Any CPU.ActiveCfg = Release|Any CPU
		{BE96A1EA-B521-492D-8558-35845579D5CE}.Release|Any CPU.Build.0 = Release|Any CPU
		{EFE7EFE6-A95F-4FA9-B51E-5386FF7957D7}.Debug|Any CPU.ActiveCfg = Debug|Any CPU
		{EFE7EFE6-A95F-4FA9-B51E-5386FF7957D7}.Debug|Any CPU.Build.0 = Debug|Any CPU
		{EFE7EFE6-A95F-4FA9-B51E-5386FF7957D7}.Release|Any CPU.ActiveCfg = Release|Any CPU
		{EFE7EFE6-A95F-4FA9-B51E-5386FF7957D7}.Release|Any CPU.Build.0 = Release|Any CPU
		{017C1196-DB28-4E5F-9E3A-4F7131487AFD}.Debug|Any CPU.ActiveCfg = Debug|Any CPU
		{017C1196-DB28-4E5F-9E3A-4F7131487AFD}.Debug|Any CPU.Build.0 = Debug|Any CPU
		{017C1196-DB28-4E5F-9E3A-4F7131487AFD}.Release|Any CPU.ActiveCfg = Release|Any CPU
		{017C1196-DB28-4E5F-9E3A-4F7131487AFD}.Release|Any CPU.Build.0 = Release|Any CPU
		{2904D149-91A1-42E7-BC66-F0EEE58B5B4A}.Debug|Any CPU.ActiveCfg = Debug|Any CPU
		{2904D149-91A1-42E7-BC66-F0EEE58B5B4A}.Debug|Any CPU.Build.0 = Debug|Any CPU
		{2904D149-91A1-42E7-BC66-F0EEE58B5B4A}.Release|Any CPU.ActiveCfg = Release|Any CPU
		{2904D149-91A1-42E7-BC66-F0EEE58B5B4A}.Release|Any CPU.Build.0 = Release|Any CPU
		{71CC016E-FE34-48A9-92F9-8780FEF31205}.Debug|Any CPU.ActiveCfg = Debug|Any CPU
		{71CC016E-FE34-48A9-92F9-8780FEF31205}.Debug|Any CPU.Build.0 = Debug|Any CPU
		{71CC016E-FE34-48A9-92F9-8780FEF31205}.Release|Any CPU.ActiveCfg = Release|Any CPU
		{71CC016E-FE34-48A9-92F9-8780FEF31205}.Release|Any CPU.Build.0 = Release|Any CPU
		{AF0E376B-AD55-45DD-B14C-901E38CAAAC6}.Debug|Any CPU.ActiveCfg = Debug|Any CPU
		{AF0E376B-AD55-45DD-B14C-901E38CAAAC6}.Debug|Any CPU.Build.0 = Debug|Any CPU
		{AF0E376B-AD55-45DD-B14C-901E38CAAAC6}.Release|Any CPU.ActiveCfg = Release|Any CPU
		{AF0E376B-AD55-45DD-B14C-901E38CAAAC6}.Release|Any CPU.Build.0 = Release|Any CPU
	EndGlobalSection
	GlobalSection(SolutionProperties) = preSolution
		HideSolutionNode = FALSE
	EndGlobalSection
	GlobalSection(ExtensibilityGlobals) = postSolution
		SolutionGuid = {9582D910-FBBD-4B49-82B5-1404EE7126BE}
	EndGlobalSection
EndGlobal
